// !$*UTF8*$!
{
	archiveVersion = 1;
	classes = {
	};
	objectVersion = 56;
	objects = {

/* Begin PBXBuildFile section */
		800BFB1D2A7B8EED003F9AFE /* TMDbMyAppApp.swift in Sources */ = {isa = PBXBuildFile; fileRef = 800BFB1C2A7B8EED003F9AFE /* TMDbMyAppApp.swift */; };
		800BFB1F2A7B8EED003F9AFE /* MoviesView.swift in Sources */ = {isa = PBXBuildFile; fileRef = 800BFB1E2A7B8EED003F9AFE /* MoviesView.swift */; };
		800BFB212A7B8EEF003F9AFE /* Assets.xcassets in Resources */ = {isa = PBXBuildFile; fileRef = 800BFB202A7B8EEF003F9AFE /* Assets.xcassets */; };
		800BFB242A7B8EEF003F9AFE /* Preview Assets.xcassets in Resources */ = {isa = PBXBuildFile; fileRef = 800BFB232A7B8EEF003F9AFE /* Preview Assets.xcassets */; };
		800BFB2F2A7B94A7003F9AFE /* MoviesDTO.swift in Sources */ = {isa = PBXBuildFile; fileRef = 800BFB2E2A7B94A7003F9AFE /* MoviesDTO.swift */; };
		800BFB312A7B9B51003F9AFE /* Movie.swift in Sources */ = {isa = PBXBuildFile; fileRef = 800BFB302A7B9B51003F9AFE /* Movie.swift */; };
		800BFB372A7B9E48003F9AFE /* MoviesRepository.swift in Sources */ = {isa = PBXBuildFile; fileRef = 800BFB362A7B9E48003F9AFE /* MoviesRepository.swift */; };
		800BFB3A2A7BA14F003F9AFE /* URLSessionExtension.swift in Sources */ = {isa = PBXBuildFile; fileRef = 800BFB392A7BA14F003F9AFE /* URLSessionExtension.swift */; };
		800BFB3C2A7BA6DA003F9AFE /* JSONDecoder.swift in Sources */ = {isa = PBXBuildFile; fileRef = 800BFB3B2A7BA6DA003F9AFE /* JSONDecoder.swift */; };
		800BFB3E2A7BAFBC003F9AFE /* NWInterface.swift in Sources */ = {isa = PBXBuildFile; fileRef = 800BFB3D2A7BAFBB003F9AFE /* NWInterface.swift */; };
		80567E902A7CE91D00A62EC6 /* MoviesVm.swift in Sources */ = {isa = PBXBuildFile; fileRef = 80567E8F2A7CE91D00A62EC6 /* MoviesVm.swift */; };
		80567E922A7CF09A00A62EC6 /* MovieTest.json in Resources */ = {isa = PBXBuildFile; fileRef = 80567E912A7CF09A00A62EC6 /* MovieTest.json */; };
		80567E942A7CF1D800A62EC6 /* MovieTestData.swift in Sources */ = {isa = PBXBuildFile; fileRef = 80567E932A7CF1D800A62EC6 /* MovieTestData.swift */; };
		8071D30E2A88C5E8006AE481 /* MoviesHomeView.swift in Sources */ = {isa = PBXBuildFile; fileRef = 8071D30D2A88C5E8006AE481 /* MoviesHomeView.swift */; };
		8071D3102A88D175006AE481 /* PlayingMovie.swift in Sources */ = {isa = PBXBuildFile; fileRef = 8071D30F2A88D175006AE481 /* PlayingMovie.swift */; };
		80824BDE2A84EC2500603EBF /* CastMemberDTO.swift in Sources */ = {isa = PBXBuildFile; fileRef = 80824BDD2A84EC2500603EBF /* CastMemberDTO.swift */; };
		80824BE02A84ED6700603EBF /* CastMember.swift in Sources */ = {isa = PBXBuildFile; fileRef = 80824BDF2A84ED6700603EBF /* CastMember.swift */; };
		80824BE22A84F05300603EBF /* MovieDetailVm.swift in Sources */ = {isa = PBXBuildFile; fileRef = 80824BE12A84F05300603EBF /* MovieDetailVm.swift */; };
		80824BE42A861DCE00603EBF /* ActorPosterView.swift in Sources */ = {isa = PBXBuildFile; fileRef = 80824BE32A861DCE00603EBF /* ActorPosterView.swift */; };
		8084E1452A87713E001BDCF7 /* MoviesListView.swift in Sources */ = {isa = PBXBuildFile; fileRef = 8084E1442A87713E001BDCF7 /* MoviesListView.swift */; };
		8084E1472A8773A1001BDCF7 /* MoviesGridView.swift in Sources */ = {isa = PBXBuildFile; fileRef = 8084E1462A8773A1001BDCF7 /* MoviesGridView.swift */; };
		8084E1492A878E55001BDCF7 /* CastMemberTest.json in Resources */ = {isa = PBXBuildFile; fileRef = 8084E1482A878E55001BDCF7 /* CastMemberTest.json */; };
		80D2876D2A82310300675AFB /* MoviePosterView.swift in Sources */ = {isa = PBXBuildFile; fileRef = 80D2876C2A82310300675AFB /* MoviePosterView.swift */; };
		80D2876F2A82339800675AFB /* MovieRankView.swift in Sources */ = {isa = PBXBuildFile; fileRef = 80D2876E2A82339800675AFB /* MovieRankView.swift */; };
		80D287722A823EEC00675AFB /* DateFormattedExtension.swift in Sources */ = {isa = PBXBuildFile; fileRef = 80D287712A823EEC00675AFB /* DateFormattedExtension.swift */; };
		80D287742A8252AC00675AFB /* MovieCell.swift in Sources */ = {isa = PBXBuildFile; fileRef = 80D287732A8252AC00675AFB /* MovieCell.swift */; };
		80D287762A8377F300675AFB /* CustomAlertView.swift in Sources */ = {isa = PBXBuildFile; fileRef = 80D287752A8377F300675AFB /* CustomAlertView.swift */; };
		80D287782A838DCC00675AFB /* MovieDetailView.swift in Sources */ = {isa = PBXBuildFile; fileRef = 80D287772A838DCC00675AFB /* MovieDetailView.swift */; };
/* End PBXBuildFile section */

/* Begin PBXFileReference section */
		800BFB192A7B8EED003F9AFE /* TMDbMyApp.app */ = {isa = PBXFileReference; explicitFileType = wrapper.application; includeInIndex = 0; path = TMDbMyApp.app; sourceTree = BUILT_PRODUCTS_DIR; };
		800BFB1C2A7B8EED003F9AFE /* TMDbMyAppApp.swift */ = {isa = PBXFileReference; lastKnownFileType = sourcecode.swift; path = TMDbMyAppApp.swift; sourceTree = "<group>"; };
		800BFB1E2A7B8EED003F9AFE /* MoviesView.swift */ = {isa = PBXFileReference; lastKnownFileType = sourcecode.swift; path = MoviesView.swift; sourceTree = "<group>"; };
		800BFB202A7B8EEF003F9AFE /* Assets.xcassets */ = {isa = PBXFileReference; lastKnownFileType = folder.assetcatalog; path = Assets.xcassets; sourceTree = "<group>"; };
		800BFB232A7B8EEF003F9AFE /* Preview Assets.xcassets */ = {isa = PBXFileReference; lastKnownFileType = folder.assetcatalog; path = "Preview Assets.xcassets"; sourceTree = "<group>"; };
		800BFB2E2A7B94A7003F9AFE /* MoviesDTO.swift */ = {isa = PBXFileReference; lastKnownFileType = sourcecode.swift; path = MoviesDTO.swift; sourceTree = "<group>"; };
		800BFB302A7B9B51003F9AFE /* Movie.swift */ = {isa = PBXFileReference; lastKnownFileType = sourcecode.swift; path = Movie.swift; sourceTree = "<group>"; };
		800BFB362A7B9E48003F9AFE /* MoviesRepository.swift */ = {isa = PBXFileReference; lastKnownFileType = sourcecode.swift; path = MoviesRepository.swift; sourceTree = "<group>"; };
		800BFB392A7BA14F003F9AFE /* URLSessionExtension.swift */ = {isa = PBXFileReference; lastKnownFileType = sourcecode.swift; path = URLSessionExtension.swift; sourceTree = "<group>"; };
		800BFB3B2A7BA6DA003F9AFE /* JSONDecoder.swift */ = {isa = PBXFileReference; lastKnownFileType = sourcecode.swift; path = JSONDecoder.swift; sourceTree = "<group>"; };
		800BFB3D2A7BAFBB003F9AFE /* NWInterface.swift */ = {isa = PBXFileReference; lastKnownFileType = sourcecode.swift; path = NWInterface.swift; sourceTree = "<group>"; };
		80567E8F2A7CE91D00A62EC6 /* MoviesVm.swift */ = {isa = PBXFileReference; lastKnownFileType = sourcecode.swift; path = MoviesVm.swift; sourceTree = "<group>"; };
		80567E912A7CF09A00A62EC6 /* MovieTest.json */ = {isa = PBXFileReference; fileEncoding = 4; lastKnownFileType = text.json; path = MovieTest.json; sourceTree = "<group>"; };
		80567E932A7CF1D800A62EC6 /* MovieTestData.swift */ = {isa = PBXFileReference; lastKnownFileType = sourcecode.swift; path = MovieTestData.swift; sourceTree = "<group>"; };
		8071D30D2A88C5E8006AE481 /* MoviesHomeView.swift */ = {isa = PBXFileReference; lastKnownFileType = sourcecode.swift; path = MoviesHomeView.swift; sourceTree = "<group>"; };
		8071D30F2A88D175006AE481 /* PlayingMovie.swift */ = {isa = PBXFileReference; lastKnownFileType = sourcecode.swift; path = PlayingMovie.swift; sourceTree = "<group>"; };
		80824BDD2A84EC2500603EBF /* CastMemberDTO.swift */ = {isa = PBXFileReference; lastKnownFileType = sourcecode.swift; path = CastMemberDTO.swift; sourceTree = "<group>"; };
		80824BDF2A84ED6700603EBF /* CastMember.swift */ = {isa = PBXFileReference; lastKnownFileType = sourcecode.swift; path = CastMember.swift; sourceTree = "<group>"; };
		80824BE12A84F05300603EBF /* MovieDetailVm.swift */ = {isa = PBXFileReference; lastKnownFileType = sourcecode.swift; path = MovieDetailVm.swift; sourceTree = "<group>"; };
		80824BE32A861DCE00603EBF /* ActorPosterView.swift */ = {isa = PBXFileReference; lastKnownFileType = sourcecode.swift; path = ActorPosterView.swift; sourceTree = "<group>"; };
		8084E1442A87713E001BDCF7 /* MoviesListView.swift */ = {isa = PBXFileReference; lastKnownFileType = sourcecode.swift; path = MoviesListView.swift; sourceTree = "<group>"; };
		8084E1462A8773A1001BDCF7 /* MoviesGridView.swift */ = {isa = PBXFileReference; lastKnownFileType = sourcecode.swift; path = MoviesGridView.swift; sourceTree = "<group>"; };
		8084E1482A878E55001BDCF7 /* CastMemberTest.json */ = {isa = PBXFileReference; fileEncoding = 4; lastKnownFileType = text.json; path = CastMemberTest.json; sourceTree = "<group>"; };
		80D2876C2A82310300675AFB /* MoviePosterView.swift */ = {isa = PBXFileReference; lastKnownFileType = sourcecode.swift; path = MoviePosterView.swift; sourceTree = "<group>"; };
		80D2876E2A82339800675AFB /* MovieRankView.swift */ = {isa = PBXFileReference; lastKnownFileType = sourcecode.swift; path = MovieRankView.swift; sourceTree = "<group>"; };
		80D287712A823EEC00675AFB /* DateFormattedExtension.swift */ = {isa = PBXFileReference; lastKnownFileType = sourcecode.swift; path = DateFormattedExtension.swift; sourceTree = "<group>"; };
		80D287732A8252AC00675AFB /* MovieCell.swift */ = {isa = PBXFileReference; lastKnownFileType = sourcecode.swift; path = MovieCell.swift; sourceTree = "<group>"; };
		80D287752A8377F300675AFB /* CustomAlertView.swift */ = {isa = PBXFileReference; lastKnownFileType = sourcecode.swift; path = CustomAlertView.swift; sourceTree = "<group>"; };
		80D287772A838DCC00675AFB /* MovieDetailView.swift */ = {isa = PBXFileReference; lastKnownFileType = sourcecode.swift; path = MovieDetailView.swift; sourceTree = "<group>"; };
/* End PBXFileReference section */

/* Begin PBXFrameworksBuildPhase section */
		800BFB162A7B8EED003F9AFE /* Frameworks */ = {
			isa = PBXFrameworksBuildPhase;
			buildActionMask = 2147483647;
			files = (
			);
			runOnlyForDeploymentPostprocessing = 0;
		};
/* End PBXFrameworksBuildPhase section */

/* Begin PBXGroup section */
		800BFB102A7B8EED003F9AFE = {
			isa = PBXGroup;
			children = (
				800BFB1B2A7B8EED003F9AFE /* TMDbMyApp */,
				800BFB1A2A7B8EED003F9AFE /* Products */,
			);
			sourceTree = "<group>";
		};
		800BFB1A2A7B8EED003F9AFE /* Products */ = {
			isa = PBXGroup;
			children = (
				800BFB192A7B8EED003F9AFE /* TMDbMyApp.app */,
			);
			name = Products;
			sourceTree = "<group>";
		};
		800BFB1B2A7B8EED003F9AFE /* TMDbMyApp */ = {
			isa = PBXGroup;
			children = (
				800BFB2D2A7B948F003F9AFE /* Models */,
				800BFB322A7B9DEC003F9AFE /* Network */,
				800BFB382A7B9FF4003F9AFE /* NetworkHelpers */,
				800BFB352A7B9E1F003F9AFE /* Repositories */,
				80567E8E2A7CE90100A62EC6 /* View Models */,
				800BFB2B2A7B9450003F9AFE /* Views */,
				80D287702A823ED200675AFB /* Helpers */,
				800BFB2A2A7B9433003F9AFE /* System */,
				800BFB2C2A7B945C003F9AFE /* Resources */,
				800BFB222A7B8EEF003F9AFE /* Preview Content */,
			);
			path = TMDbMyApp;
			sourceTree = "<group>";
		};
		800BFB222A7B8EEF003F9AFE /* Preview Content */ = {
			isa = PBXGroup;
			children = (
				8084E1482A878E55001BDCF7 /* CastMemberTest.json */,
				80567E912A7CF09A00A62EC6 /* MovieTest.json */,
				800BFB232A7B8EEF003F9AFE /* Preview Assets.xcassets */,
				80567E932A7CF1D800A62EC6 /* MovieTestData.swift */,
			);
			path = "Preview Content";
			sourceTree = "<group>";
		};
		800BFB2A2A7B9433003F9AFE /* System */ = {
			isa = PBXGroup;
			children = (
				800BFB1C2A7B8EED003F9AFE /* TMDbMyAppApp.swift */,
			);
			name = System;
			sourceTree = "<group>";
		};
		800BFB2B2A7B9450003F9AFE /* Views */ = {
			isa = PBXGroup;
			children = (
				8071D30D2A88C5E8006AE481 /* MoviesHomeView.swift */,
				800BFB1E2A7B8EED003F9AFE /* MoviesView.swift */,
				8084E1442A87713E001BDCF7 /* MoviesListView.swift */,
				80D287772A838DCC00675AFB /* MovieDetailView.swift */,
				8084E1462A8773A1001BDCF7 /* MoviesGridView.swift */,
				80D2876B2A8230E200675AFB /* Components */,
			);
			name = Views;
			sourceTree = "<group>";
		};
		800BFB2C2A7B945C003F9AFE /* Resources */ = {
			isa = PBXGroup;
			children = (
				800BFB202A7B8EEF003F9AFE /* Assets.xcassets */,
			);
			name = Resources;
			sourceTree = "<group>";
		};
		800BFB2D2A7B948F003F9AFE /* Models */ = {
			isa = PBXGroup;
			children = (
				800BFB2E2A7B94A7003F9AFE /* MoviesDTO.swift */,
				800BFB302A7B9B51003F9AFE /* Movie.swift */,
				8071D30F2A88D175006AE481 /* PlayingMovie.swift */,
				80824BDD2A84EC2500603EBF /* CastMemberDTO.swift */,
				80824BDF2A84ED6700603EBF /* CastMember.swift */,
			);
			name = Models;
			sourceTree = "<group>";
		};
		800BFB322A7B9DEC003F9AFE /* Network */ = {
			isa = PBXGroup;
			children = (
				800BFB3D2A7BAFBB003F9AFE /* NWInterface.swift */,
			);
			name = Network;
			sourceTree = "<group>";
		};
		800BFB352A7B9E1F003F9AFE /* Repositories */ = {
			isa = PBXGroup;
			children = (
				800BFB362A7B9E48003F9AFE /* MoviesRepository.swift */,
			);
			name = Repositories;
			sourceTree = "<group>";
		};
		800BFB382A7B9FF4003F9AFE /* NetworkHelpers */ = {
			isa = PBXGroup;
			children = (
				800BFB392A7BA14F003F9AFE /* URLSessionExtension.swift */,
				800BFB3B2A7BA6DA003F9AFE /* JSONDecoder.swift */,
			);
			name = NetworkHelpers;
			sourceTree = "<group>";
		};
		80567E8E2A7CE90100A62EC6 /* View Models */ = {
			isa = PBXGroup;
			children = (
				80567E8F2A7CE91D00A62EC6 /* MoviesVm.swift */,
				80824BE12A84F05300603EBF /* MovieDetailVm.swift */,
			);
			name = "View Models";
			sourceTree = "<group>";
		};
		80D2876B2A8230E200675AFB /* Components */ = {
			isa = PBXGroup;
			children = (
				80D2876C2A82310300675AFB /* MoviePosterView.swift */,
				80D287732A8252AC00675AFB /* MovieCell.swift */,
				80D2876E2A82339800675AFB /* MovieRankView.swift */,
				80824BE32A861DCE00603EBF /* ActorPosterView.swift */,
				80D287752A8377F300675AFB /* CustomAlertView.swift */,
			);
			name = Components;
			sourceTree = "<group>";
		};
		80D287702A823ED200675AFB /* Helpers */ = {
			isa = PBXGroup;
			children = (
				80D287712A823EEC00675AFB /* DateFormattedExtension.swift */,
			);
			name = Helpers;
			sourceTree = "<group>";
		};
/* End PBXGroup section */

/* Begin PBXNativeTarget section */
		800BFB182A7B8EED003F9AFE /* TMDbMyApp */ = {
			isa = PBXNativeTarget;
			buildConfigurationList = 800BFB272A7B8EEF003F9AFE /* Build configuration list for PBXNativeTarget "TMDbMyApp" */;
			buildPhases = (
				800BFB152A7B8EED003F9AFE /* Sources */,
				800BFB162A7B8EED003F9AFE /* Frameworks */,
				800BFB172A7B8EED003F9AFE /* Resources */,
			);
			buildRules = (
			);
			dependencies = (
			);
			name = TMDbMyApp;
			productName = TMDbMyApp;
			productReference = 800BFB192A7B8EED003F9AFE /* TMDbMyApp.app */;
			productType = "com.apple.product-type.application";
		};
/* End PBXNativeTarget section */

/* Begin PBXProject section */
		800BFB112A7B8EED003F9AFE /* Project object */ = {
			isa = PBXProject;
			attributes = {
				BuildIndependentTargetsInParallel = 1;
				LastSwiftUpdateCheck = 1430;
				LastUpgradeCheck = 1430;
				TargetAttributes = {
					800BFB182A7B8EED003F9AFE = {
						CreatedOnToolsVersion = 14.3.1;
					};
				};
			};
			buildConfigurationList = 800BFB142A7B8EED003F9AFE /* Build configuration list for PBXProject "TMDbMyApp" */;
			compatibilityVersion = "Xcode 14.0";
			developmentRegion = en;
			hasScannedForEncodings = 0;
			knownRegions = (
				en,
				Base,
			);
			mainGroup = 800BFB102A7B8EED003F9AFE;
			productRefGroup = 800BFB1A2A7B8EED003F9AFE /* Products */;
			projectDirPath = "";
			projectRoot = "";
			targets = (
				800BFB182A7B8EED003F9AFE /* TMDbMyApp */,
			);
		};
/* End PBXProject section */

/* Begin PBXResourcesBuildPhase section */
		800BFB172A7B8EED003F9AFE /* Resources */ = {
			isa = PBXResourcesBuildPhase;
			buildActionMask = 2147483647;
			files = (
				80567E922A7CF09A00A62EC6 /* MovieTest.json in Resources */,
				800BFB242A7B8EEF003F9AFE /* Preview Assets.xcassets in Resources */,
				8084E1492A878E55001BDCF7 /* CastMemberTest.json in Resources */,
				800BFB212A7B8EEF003F9AFE /* Assets.xcassets in Resources */,
			);
			runOnlyForDeploymentPostprocessing = 0;
		};
/* End PBXResourcesBuildPhase section */

/* Begin PBXSourcesBuildPhase section */
		800BFB152A7B8EED003F9AFE /* Sources */ = {
			isa = PBXSourcesBuildPhase;
			buildActionMask = 2147483647;
			files = (
				80D287762A8377F300675AFB /* CustomAlertView.swift in Sources */,
				80824BE02A84ED6700603EBF /* CastMember.swift in Sources */,
				80D287742A8252AC00675AFB /* MovieCell.swift in Sources */,
				80824BE22A84F05300603EBF /* MovieDetailVm.swift in Sources */,
				800BFB1F2A7B8EED003F9AFE /* MoviesView.swift in Sources */,
				800BFB1D2A7B8EED003F9AFE /* TMDbMyAppApp.swift in Sources */,
				80824BDE2A84EC2500603EBF /* CastMemberDTO.swift in Sources */,
				80567E902A7CE91D00A62EC6 /* MoviesVm.swift in Sources */,
				80824BE42A861DCE00603EBF /* ActorPosterView.swift in Sources */,
				800BFB3A2A7BA14F003F9AFE /* URLSessionExtension.swift in Sources */,
				8084E1452A87713E001BDCF7 /* MoviesListView.swift in Sources */,
				80567E942A7CF1D800A62EC6 /* MovieTestData.swift in Sources */,
				800BFB312A7B9B51003F9AFE /* Movie.swift in Sources */,
				80D287722A823EEC00675AFB /* DateFormattedExtension.swift in Sources */,
				800BFB3E2A7BAFBC003F9AFE /* NWInterface.swift in Sources */,
				800BFB2F2A7B94A7003F9AFE /* MoviesDTO.swift in Sources */,
				800BFB372A7B9E48003F9AFE /* MoviesRepository.swift in Sources */,
				8071D3102A88D175006AE481 /* PlayingMovie.swift in Sources */,
				80D287782A838DCC00675AFB /* MovieDetailView.swift in Sources */,
				80D2876F2A82339800675AFB /* MovieRankView.swift in Sources */,
				8071D30E2A88C5E8006AE481 /* MoviesHomeView.swift in Sources */,
				800BFB3C2A7BA6DA003F9AFE /* JSONDecoder.swift in Sources */,
				80D2876D2A82310300675AFB /* MoviePosterView.swift in Sources */,
				8084E1472A8773A1001BDCF7 /* MoviesGridView.swift in Sources */,
			);
			runOnlyForDeploymentPostprocessing = 0;
		};
/* End PBXSourcesBuildPhase section */

/* Begin XCBuildConfiguration section */
		800BFB252A7B8EEF003F9AFE /* Debug */ = {
			isa = XCBuildConfiguration;
			buildSettings = {
				ALWAYS_SEARCH_USER_PATHS = NO;
				CLANG_ANALYZER_NONNULL = YES;
				CLANG_ANALYZER_NUMBER_OBJECT_CONVERSION = YES_AGGRESSIVE;
				CLANG_CXX_LANGUAGE_STANDARD = "gnu++20";
				CLANG_ENABLE_MODULES = YES;
				CLANG_ENABLE_OBJC_ARC = YES;
				CLANG_ENABLE_OBJC_WEAK = YES;
				CLANG_WARN_BLOCK_CAPTURE_AUTORELEASING = YES;
				CLANG_WARN_BOOL_CONVERSION = YES;
				CLANG_WARN_COMMA = YES;
				CLANG_WARN_CONSTANT_CONVERSION = YES;
				CLANG_WARN_DEPRECATED_OBJC_IMPLEMENTATIONS = YES;
				CLANG_WARN_DIRECT_OBJC_ISA_USAGE = YES_ERROR;
				CLANG_WARN_DOCUMENTATION_COMMENTS = YES;
				CLANG_WARN_EMPTY_BODY = YES;
				CLANG_WARN_ENUM_CONVERSION = YES;
				CLANG_WARN_INFINITE_RECURSION = YES;
				CLANG_WARN_INT_CONVERSION = YES;
				CLANG_WARN_NON_LITERAL_NULL_CONVERSION = YES;
				CLANG_WARN_OBJC_IMPLICIT_RETAIN_SELF = YES;
				CLANG_WARN_OBJC_LITERAL_CONVERSION = YES;
				CLANG_WARN_OBJC_ROOT_CLASS = YES_ERROR;
				CLANG_WARN_QUOTED_INCLUDE_IN_FRAMEWORK_HEADER = YES;
				CLANG_WARN_RANGE_LOOP_ANALYSIS = YES;
				CLANG_WARN_STRICT_PROTOTYPES = YES;
				CLANG_WARN_SUSPICIOUS_MOVE = YES;
				CLANG_WARN_UNGUARDED_AVAILABILITY = YES_AGGRESSIVE;
				CLANG_WARN_UNREACHABLE_CODE = YES;
				CLANG_WARN__DUPLICATE_METHOD_MATCH = YES;
				COPY_PHASE_STRIP = NO;
				DEBUG_INFORMATION_FORMAT = dwarf;
				ENABLE_STRICT_OBJC_MSGSEND = YES;
				ENABLE_TESTABILITY = YES;
				GCC_C_LANGUAGE_STANDARD = gnu11;
				GCC_DYNAMIC_NO_PIC = NO;
				GCC_NO_COMMON_BLOCKS = YES;
				GCC_OPTIMIZATION_LEVEL = 0;
				GCC_PREPROCESSOR_DEFINITIONS = (
					"DEBUG=1",
					"$(inherited)",
				);
				GCC_WARN_64_TO_32_BIT_CONVERSION = YES;
				GCC_WARN_ABOUT_RETURN_TYPE = YES_ERROR;
				GCC_WARN_UNDECLARED_SELECTOR = YES;
				GCC_WARN_UNINITIALIZED_AUTOS = YES_AGGRESSIVE;
				GCC_WARN_UNUSED_FUNCTION = YES;
				GCC_WARN_UNUSED_VARIABLE = YES;
				IPHONEOS_DEPLOYMENT_TARGET = 16.4;
				MTL_ENABLE_DEBUG_INFO = INCLUDE_SOURCE;
				MTL_FAST_MATH = YES;
				ONLY_ACTIVE_ARCH = YES;
				SDKROOT = iphoneos;
				SWIFT_ACTIVE_COMPILATION_CONDITIONS = DEBUG;
				SWIFT_OPTIMIZATION_LEVEL = "-Onone";
			};
			name = Debug;
		};
		800BFB262A7B8EEF003F9AFE /* Release */ = {
			isa = XCBuildConfiguration;
			buildSettings = {
				ALWAYS_SEARCH_USER_PATHS = NO;
				CLANG_ANALYZER_NONNULL = YES;
				CLANG_ANALYZER_NUMBER_OBJECT_CONVERSION = YES_AGGRESSIVE;
				CLANG_CXX_LANGUAGE_STANDARD = "gnu++20";
				CLANG_ENABLE_MODULES = YES;
				CLANG_ENABLE_OBJC_ARC = YES;
				CLANG_ENABLE_OBJC_WEAK = YES;
				CLANG_WARN_BLOCK_CAPTURE_AUTORELEASING = YES;
				CLANG_WARN_BOOL_CONVERSION = YES;
				CLANG_WARN_COMMA = YES;
				CLANG_WARN_CONSTANT_CONVERSION = YES;
				CLANG_WARN_DEPRECATED_OBJC_IMPLEMENTATIONS = YES;
				CLANG_WARN_DIRECT_OBJC_ISA_USAGE = YES_ERROR;
				CLANG_WARN_DOCUMENTATION_COMMENTS = YES;
				CLANG_WARN_EMPTY_BODY = YES;
				CLANG_WARN_ENUM_CONVERSION = YES;
				CLANG_WARN_INFINITE_RECURSION = YES;
				CLANG_WARN_INT_CONVERSION = YES;
				CLANG_WARN_NON_LITERAL_NULL_CONVERSION = YES;
				CLANG_WARN_OBJC_IMPLICIT_RETAIN_SELF = YES;
				CLANG_WARN_OBJC_LITERAL_CONVERSION = YES;
				CLANG_WARN_OBJC_ROOT_CLASS = YES_ERROR;
				CLANG_WARN_QUOTED_INCLUDE_IN_FRAMEWORK_HEADER = YES;
				CLANG_WARN_RANGE_LOOP_ANALYSIS = YES;
				CLANG_WARN_STRICT_PROTOTYPES = YES;
				CLANG_WARN_SUSPICIOUS_MOVE = YES;
				CLANG_WARN_UNGUARDED_AVAILABILITY = YES_AGGRESSIVE;
				CLANG_WARN_UNREACHABLE_CODE = YES;
				CLANG_WARN__DUPLICATE_METHOD_MATCH = YES;
				COPY_PHASE_STRIP = NO;
				DEBUG_INFORMATION_FORMAT = "dwarf-with-dsym";
				ENABLE_NS_ASSERTIONS = NO;
				ENABLE_STRICT_OBJC_MSGSEND = YES;
				GCC_C_LANGUAGE_STANDARD = gnu11;
				GCC_NO_COMMON_BLOCKS = YES;
				GCC_WARN_64_TO_32_BIT_CONVERSION = YES;
				GCC_WARN_ABOUT_RETURN_TYPE = YES_ERROR;
				GCC_WARN_UNDECLARED_SELECTOR = YES;
				GCC_WARN_UNINITIALIZED_AUTOS = YES_AGGRESSIVE;
				GCC_WARN_UNUSED_FUNCTION = YES;
				GCC_WARN_UNUSED_VARIABLE = YES;
				IPHONEOS_DEPLOYMENT_TARGET = 16.4;
				MTL_ENABLE_DEBUG_INFO = NO;
				MTL_FAST_MATH = YES;
				SDKROOT = iphoneos;
				SWIFT_COMPILATION_MODE = wholemodule;
				SWIFT_OPTIMIZATION_LEVEL = "-O";
				VALIDATE_PRODUCT = YES;
			};
			name = Release;
		};
		800BFB282A7B8EEF003F9AFE /* Debug */ = {
			isa = XCBuildConfiguration;
			buildSettings = {
				ASSETCATALOG_COMPILER_APPICON_NAME = AppIcon;
				ASSETCATALOG_COMPILER_GLOBAL_ACCENT_COLOR_NAME = AccentColor;
				CODE_SIGN_STYLE = Automatic;
				CURRENT_PROJECT_VERSION = 1;
				DEVELOPMENT_ASSET_PATHS = "\"TMDbMyApp/Preview Content\"";
				DEVELOPMENT_TEAM = EAPL44JCSU;
				ENABLE_PREVIEWS = YES;
				GENERATE_INFOPLIST_FILE = YES;
				INFOPLIST_KEY_UIApplicationSceneManifest_Generation = YES;
				INFOPLIST_KEY_UIApplicationSupportsIndirectInputEvents = YES;
				INFOPLIST_KEY_UILaunchScreen_Generation = YES;
				INFOPLIST_KEY_UISupportedInterfaceOrientations_iPad = "UIInterfaceOrientationPortrait UIInterfaceOrientationPortraitUpsideDown UIInterfaceOrientationLandscapeLeft UIInterfaceOrientationLandscapeRight";
				INFOPLIST_KEY_UISupportedInterfaceOrientations_iPhone = "UIInterfaceOrientationPortrait UIInterfaceOrientationLandscapeLeft UIInterfaceOrientationLandscapeRight";
				LD_RUNPATH_SEARCH_PATHS = (
					"$(inherited)",
					"@executable_path/Frameworks",
				);
				MARKETING_VERSION = 1.0;
				PRODUCT_BUNDLE_IDENTIFIER = com.TMDbMyApp;
				PRODUCT_NAME = "$(TARGET_NAME)";
				SWIFT_EMIT_LOC_STRINGS = YES;
				SWIFT_VERSION = 5.0;
				TARGETED_DEVICE_FAMILY = "1,2";
			};
			name = Debug;
		};
		800BFB292A7B8EEF003F9AFE /* Release */ = {
			isa = XCBuildConfiguration;
			buildSettings = {
				ASSETCATALOG_COMPILER_APPICON_NAME = AppIcon;
				ASSETCATALOG_COMPILER_GLOBAL_ACCENT_COLOR_NAME = AccentColor;
				CODE_SIGN_STYLE = Automatic;
				CURRENT_PROJECT_VERSION = 1;
				DEVELOPMENT_ASSET_PATHS = "\"TMDbMyApp/Preview Content\"";
				DEVELOPMENT_TEAM = EAPL44JCSU;
				ENABLE_PREVIEWS = YES;
				GENERATE_INFOPLIST_FILE = YES;
				INFOPLIST_KEY_UIApplicationSceneManifest_Generation = YES;
				INFOPLIST_KEY_UIApplicationSupportsIndirectInputEvents = YES;
				INFOPLIST_KEY_UILaunchScreen_Generation = YES;
				INFOPLIST_KEY_UISupportedInterfaceOrientations_iPad = "UIInterfaceOrientationPortrait UIInterfaceOrientationPortraitUpsideDown UIInterfaceOrientationLandscapeLeft UIInterfaceOrientationLandscapeRight";
				INFOPLIST_KEY_UISupportedInterfaceOrientations_iPhone = "UIInterfaceOrientationPortrait UIInterfaceOrientationLandscapeLeft UIInterfaceOrientationLandscapeRight";
				LD_RUNPATH_SEARCH_PATHS = (
					"$(inherited)",
					"@executable_path/Frameworks",
				);
				MARKETING_VERSION = 1.0;
				PRODUCT_BUNDLE_IDENTIFIER = com.TMDbMyApp;
				PRODUCT_NAME = "$(TARGET_NAME)";
				SWIFT_EMIT_LOC_STRINGS = YES;
				SWIFT_VERSION = 5.0;
				TARGETED_DEVICE_FAMILY = "1,2";
			};
			name = Release;
		};
/* End XCBuildConfiguration section */

/* Begin XCConfigurationList section */
		800BFB142A7B8EED003F9AFE /* Build configuration list for PBXProject "TMDbMyApp" */ = {
			isa = XCConfigurationList;
			buildConfigurations = (
				800BFB252A7B8EEF003F9AFE /* Debug */,
				800BFB262A7B8EEF003F9AFE /* Release */,
			);
			defaultConfigurationIsVisible = 0;
			defaultConfigurationName = Release;
		};
		800BFB272A7B8EEF003F9AFE /* Build configuration list for PBXNativeTarget "TMDbMyApp" */ = {
			isa = XCConfigurationList;
			buildConfigurations = (
				800BFB282A7B8EEF003F9AFE /* Debug */,
				800BFB292A7B8EEF003F9AFE /* Release */,
			);
			defaultConfigurationIsVisible = 0;
			defaultConfigurationName = Release;
		};
/* End XCConfigurationList section */
	};
	rootObject = 800BFB112A7B8EED003F9AFE /* Project object */;
}
